
Microsoft Visual Studio Solution File, Format Version 12.00
# Visual Studio Version 17
VisualStudioVersion = 17.8.34511.84
MinimumVisualStudioVersion = 10.0.40219.1
Project("{FAE04EC0-301F-11D3-BF4B-00C04F79EFBC}") = "net8Demo.Api", "net8Demo.Api.csproj", "{76A5172B-94DE-4FBC-A9D4-A6332ADC95B8}"
EndProject
Project("{FAE04EC0-301F-11D3-BF4B-00C04F79EFBC}") = "Net8Demo.Entitys", "..\Net8Demo.Entitys\Net8Demo.Entitys.csproj", "{0C90D6FD-5C4C-4775-95E9-0CB28E28FBA7}"
EndProject
Project("{FAE04EC0-301F-11D3-BF4B-00C04F79EFBC}") = "Net8Demo.EntityFramework", "..\Net8Demo.EntityFramework\Net8Demo.EntityFramework.csproj", "{2FDD1000-14A3-4FF8-B245-80DAC16A30A4}"
EndProject
Global
	GlobalSection(SolutionConfigurationPlatforms) = preSolution
		Debug|Any CPU = Debug|Any CPU
		Release|Any CPU = Release|Any CPU
	EndGlobalSection
	GlobalSection(ProjectConfigurationPlatforms) = postSolution
		{76A5172B-94DE-4FBC-A9D4-A6332ADC95B8}.Debug|Any CPU.ActiveCfg = Debug|Any CPU
		{76A5172B-94DE-4FBC-A9D4-A6332ADC95B8}.Debug|Any CPU.Build.0 = Debug|Any CPU
		{76A5172B-94DE-4FBC-A9D4-A6332ADC95B8}.Release|Any CPU.ActiveCfg = Release|Any CPU
		{76A5172B-94DE-4FBC-A9D4-A6332ADC95B8}.Release|Any CPU.Build.0 = Release|Any CPU
		{0C90D6FD-5C4C-4775-95E9-0CB28E28FBA7}.Debug|Any CPU.ActiveCfg = Debug|Any CPU
		{0C90D6FD-5C4C-4775-95E9-0CB28E28FBA7}.Debug|Any CPU.Build.0 = Debug|Any CPU
		{0C90D6FD-5C4C-4775-95E9-0CB28E28FBA7}.Release|Any CPU.ActiveCfg = Release|Any CPU
		{0C90D6FD-5C4C-4775-95E9-0CB28E28FBA7}.Release|Any CPU.Build.0 = Release|Any CPU
		{2FDD1000-14A3-4FF8-B245-80DAC16A30A4}.Debug|Any CPU.ActiveCfg = Debug|Any CPU
		{2FDD1000-14A3-4FF8-B245-80DAC16A30A4}.Debug|Any CPU.Build.0 = Debug|Any CPU
		{2FDD1000-14A3-4FF8-B245-80DAC16A30A4}.Release|Any CPU.ActiveCfg = Release|Any CPU
		{2FDD1000-14A3-4FF8-B245-80DAC16A30A4}.Release|Any CPU.Build.0 = Release|Any CPU
	EndGlobalSection
	GlobalSection(SolutionProperties) = preSolution
		HideSolutionNode = FALSE
	EndGlobalSection
	GlobalSection(ExtensibilityGlobals) = postSolution
		SolutionGuid = {83AD5A41-B9FB-46F1-AA7B-57312F435F62}
	EndGlobalSection
EndGlobal
